
Microsoft Visual Studio Solution File, Format Version 12.00
# Visual Studio Version 16
VisualStudioVersion = 16.0.31025.194
MinimumVisualStudioVersion = 10.0.40219.1
Project("{FAE04EC0-301F-11D3-BF4B-00C04F79EFBC}") = "GestionCitas.Presentacion", "GestionCitas.Presentacion\GestionCitas.Presentacion.csproj", "{7E14B52F-76D0-42A0-9A52-FCB8E7944B4A}"
EndProject
Project("{FAE04EC0-301F-11D3-BF4B-00C04F79EFBC}") = "GestionCitas.Entidades", "GestionCitas.Entidades\GestionCitas.Entidades.csproj", "{0F074532-A3EE-41C0-8BB4-594EFBB9289C}"
EndProject
Project("{FAE04EC0-301F-11D3-BF4B-00C04F79EFBC}") = "GestionCitas.Datos", "GestionCitas.Datos\GestionCitas.Datos.csproj", "{063E0B73-3683-41F6-B4B2-E9C159917F43}"
EndProject
Project("{FAE04EC0-301F-11D3-BF4B-00C04F79EFBC}") = "GestionCitas.Logica", "GestionCitas.Logica\GestionCitas.Logica.csproj", "{53E20132-BC6C-4CD8-A860-6C62B2B5FD4E}"
EndProject
Project("{FAE04EC0-301F-11D3-BF4B-00C04F79EFBC}") = "Base.Comunes", "Base.Comunes\Base.Comunes.csproj", "{1BE5298B-887F-4512-91FB-5948F8EC280B}"
EndProject
Global
	GlobalSection(SolutionConfigurationPlatforms) = preSolution
		Debug|Any CPU = Debug|Any CPU
		Release|Any CPU = Release|Any CPU
	EndGlobalSection
	GlobalSection(ProjectConfigurationPlatforms) = postSolution
		{7E14B52F-76D0-42A0-9A52-FCB8E7944B4A}.Debug|Any CPU.ActiveCfg = Debug|Any CPU
		{7E14B52F-76D0-42A0-9A52-FCB8E7944B4A}.Debug|Any CPU.Build.0 = Debug|Any CPU
		{7E14B52F-76D0-42A0-9A52-FCB8E7944B4A}.Release|Any CPU.ActiveCfg = Release|Any CPU
		{7E14B52F-76D0-42A0-9A52-FCB8E7944B4A}.Release|Any CPU.Build.0 = Release|Any CPU
		{0F074532-A3EE-41C0-8BB4-594EFBB9289C}.Debug|Any CPU.ActiveCfg = Debug|Any CPU
		{0F074532-A3EE-41C0-8BB4-594EFBB9289C}.Debug|Any CPU.Build.0 = Debug|Any CPU
		{0F074532-A3EE-41C0-8BB4-594EFBB9289C}.Release|Any CPU.ActiveCfg = Release|Any CPU
		{0F074532-A3EE-41C0-8BB4-594EFBB9289C}.Release|Any CPU.Build.0 = Release|Any CPU
		{063E0B73-3683-41F6-B4B2-E9C159917F43}.Debug|Any CPU.ActiveCfg = Debug|Any CPU
		{063E0B73-3683-41F6-B4B2-E9C159917F43}.Debug|Any CPU.Build.0 = Debug|Any CPU
		{063E0B73-3683-41F6-B4B2-E9C159917F43}.Release|Any CPU.ActiveCfg = Release|Any CPU
		{063E0B73-3683-41F6-B4B2-E9C159917F43}.Release|Any CPU.Build.0 = Release|Any CPU
		{53E20132-BC6C-4CD8-A860-6C62B2B5FD4E}.Debug|Any CPU.ActiveCfg = Debug|Any CPU
		{53E20132-BC6C-4CD8-A860-6C62B2B5FD4E}.Debug|Any CPU.Build.0 = Debug|Any CPU
		{53E20132-BC6C-4CD8-A860-6C62B2B5FD4E}.Release|Any CPU.ActiveCfg = Release|Any CPU
		{53E20132-BC6C-4CD8-A860-6C62B2B5FD4E}.Release|Any CPU.Build.0 = Release|Any CPU
		{1BE5298B-887F-4512-91FB-5948F8EC280B}.Debug|Any CPU.ActiveCfg = Debug|Any CPU
		{1BE5298B-887F-4512-91FB-5948F8EC280B}.Debug|Any CPU.Build.0 = Debug|Any CPU
		{1BE5298B-887F-4512-91FB-5948F8EC280B}.Release|Any CPU.ActiveCfg = Release|Any CPU
		{1BE5298B-887F-4512-91FB-5948F8EC280B}.Release|Any CPU.Build.0 = Release|Any CPU
	EndGlobalSection
	GlobalSection(SolutionProperties) = preSolution
		HideSolutionNode = FALSE
	EndGlobalSection
	GlobalSection(ExtensibilityGlobals) = postSolution
		SolutionGuid = {32C79563-A15A-46B7-9D8C-941E9EA30C48}
	EndGlobalSection
EndGlobal
